
Microsoft Visual Studio Solution File, Format Version 12.00
# Visual Studio Version 16
VisualStudioVersion = 16.0.30907.101
MinimumVisualStudioVersion = 10.0.40219.1
Project("{9A19103F-16F7-4668-BE54-9A1E7A4F7556}") = "MegaMerge", "MegaMerge\MegaMerge.csproj", "{3FA85C7F-F829-4CBC-B289-8DE2AD184B33}"
EndProject
Project("{9A19103F-16F7-4668-BE54-9A1E7A4F7556}") = "MegaMerge.Tests", "MegaMerge.Tests\MegaMerge.Tests.csproj", "{8B67F502-CEEB-4339-933F-02496642BE8A}"
EndProject
Project("{2150E333-8FDC-42A3-9474-1A3956D46DE8}") = "Solution Items", "Solution Items", "{7DBD9DA3-EA67-46D8-893D-AF8BA8A7273C}"
	ProjectSection(SolutionItems) = preProject
		README.md = README.md
	EndProjectSection
EndProject
Global
	GlobalSection(SolutionConfigurationPlatforms) = preSolution
		Debug|Any CPU = Debug|Any CPU
		Release|Any CPU = Release|Any CPU
	EndGlobalSection
	GlobalSection(ProjectConfigurationPlatforms) = postSolution
		{3FA85C7F-F829-4CBC-B289-8DE2AD184B33}.Debug|Any CPU.ActiveCfg = Debug|Any CPU
		{3FA85C7F-F829-4CBC-B289-8DE2AD184B33}.Debug|Any CPU.Build.0 = Debug|Any CPU
		{3FA85C7F-F829-4CBC-B289-8DE2AD184B33}.Release|Any CPU.ActiveCfg = Release|Any CPU
		{3FA85C7F-F829-4CBC-B289-8DE2AD184B33}.Release|Any CPU.Build.0 = Release|Any CPU
		{8B67F502-CEEB-4339-933F-02496642BE8A}.Debug|Any CPU.ActiveCfg = Debug|Any CPU
		{8B67F502-CEEB-4339-933F-02496642BE8A}.Debug|Any CPU.Build.0 = Debug|Any CPU
		{8B67F502-CEEB-4339-933F-02496642BE8A}.Release|Any CPU.ActiveCfg = Release|Any CPU
		{8B67F502-CEEB-4339-933F-02496642BE8A}.Release|Any CPU.Build.0 = Release|Any CPU
	EndGlobalSection
	GlobalSection(SolutionProperties) = preSolution
		HideSolutionNode = FALSE
	EndGlobalSection
	GlobalSection(ExtensibilityGlobals) = postSolution
		SolutionGuid = {1F1062A0-D50C-4104-9B44-EF2517B69F74}
	EndGlobalSection
EndGlobal
